
Microsoft Visual Studio Solution File, Format Version 12.00
# Visual Studio Version 16
VisualStudioVersion = 16.0.34902.97
MinimumVisualStudioVersion = 10.0.40219.1
Project("{FAE04EC0-301F-11D3-BF4B-00C04F79EFBC}") = "Web_Coffee", "Web_Coffee\Web_Coffee.csproj", "{52C20AFF-3590-4EE5-8E43-345A5D7CBF00}"
EndProject
Global
	GlobalSection(SolutionConfigurationPlatforms) = preSolution
		Debug|Any CPU = Debug|Any CPU
		Release|Any CPU = Release|Any CPU
	EndGlobalSection
	GlobalSection(ProjectConfigurationPlatforms) = postSolution
		{52C20AFF-3590-4EE5-8E43-345A5D7CBF00}.Debug|Any CPU.ActiveCfg = Debug|Any CPU
		{52C20AFF-3590-4EE5-8E43-345A5D7CBF00}.Debug|Any CPU.Build.0 = Debug|Any CPU
		{52C20AFF-3590-4EE5-8E43-345A5D7CBF00}.Release|Any CPU.ActiveCfg = Release|Any CPU
		{52C20AFF-3590-4EE5-8E43-345A5D7CBF00}.Release|Any CPU.Build.0 = Release|Any CPU
	EndGlobalSection
	GlobalSection(SolutionProperties) = preSolution
		HideSolutionNode = FALSE
	EndGlobalSection
	GlobalSection(ExtensibilityGlobals) = postSolution
		SolutionGuid = {082D510E-69FA-44FA-84FB-E98F353251A3}
	EndGlobalSection
EndGlobal
